
Microsoft Visual Studio Solution File, Format Version 12.00
# Visual Studio Version 17
VisualStudioVersion = 17.13.35931.197 d17.13
MinimumVisualStudioVersion = 10.0.40219.1
Project("{FAE04EC0-301F-11D3-BF4B-00C04F79EFBC}") = "PlaywrightAutomation", "PlaywrightAutomation.csproj", "{B3D198BB-C16A-4012-B9F9-2B01BA4C49BC}"
EndProject
Global
	GlobalSection(SolutionConfigurationPlatforms) = preSolution
		Debug|Any CPU = Debug|Any CPU
		Release|Any CPU = Release|Any CPU
	EndGlobalSection
	GlobalSection(ProjectConfigurationPlatforms) = postSolution
		{B3D198BB-C16A-4012-B9F9-2B01BA4C49BC}.Debug|Any CPU.ActiveCfg = Debug|Any CPU
		{B3D198BB-C16A-4012-B9F9-2B01BA4C49BC}.Debug|Any CPU.Build.0 = Debug|Any CPU
		{B3D198BB-C16A-4012-B9F9-2B01BA4C49BC}.Release|Any CPU.ActiveCfg = Release|Any CPU
		{B3D198BB-C16A-4012-B9F9-2B01BA4C49BC}.Release|Any CPU.Build.0 = Release|Any CPU
	EndGlobalSection
	GlobalSection(SolutionProperties) = preSolution
		HideSolutionNode = FALSE
	EndGlobalSection
	GlobalSection(ExtensibilityGlobals) = postSolution
		SolutionGuid = {91756F7E-CBE8-4CAE-BF2D-4DD9A69EA381}
	EndGlobalSection
EndGlobal
